
Microsoft Visual Studio Solution File, Format Version 12.00
# Visual Studio Version 17
VisualStudioVersion = 17.6.33815.320
MinimumVisualStudioVersion = 10.0.40219.1
Project("{9A19103F-16F7-4668-BE54-9A1E7A4F7556}") = "FP.Patterns.Prototype.Exercice0", "FP.Patterns.Prototype.Exercice0.csproj", "{43BF5D7E-595F-48B9-B4F4-3C401C77E0FC}"
EndProject
Project("{9A19103F-16F7-4668-BE54-9A1E7A4F7556}") = "FP.Patterns.Prototype.Exercice1", "..\FP.Patterns.Prototype.Exercice1\FP.Patterns.Prototype.Exercice1.csproj", "{0406B28F-F4B3-40AF-812F-C0C5F891E8A2}"
EndProject
Project("{9A19103F-16F7-4668-BE54-9A1E7A4F7556}") = "FP.Patterns.Prototype.Exercice2", "..\FP.Patterns.Prototype.Exercice2\FP.Patterns.Prototype.Exercice2.csproj", "{25F32F51-5D1C-4CCD-9BFB-907FF2DF0ABB}"
EndProject
Project("{9A19103F-16F7-4668-BE54-9A1E7A4F7556}") = "FP.Patterns.Prototype.Exercice3", "..\FP.Patterns.Prototype.Exercice3\FP.Patterns.Prototype.Exercice3.csproj", "{7E7E9C24-C2E4-4ACA-871D-BDC82DC480F8}"
EndProject
Project("{9A19103F-16F7-4668-BE54-9A1E7A4F7556}") = "FP.Patterns.Prototype.Exercice4", "..\FP.Patterns.Prototype.Exercice4\FP.Patterns.Prototype.Exercice4.csproj", "{906E3982-2385-4ABD-8AD1-1CC1778B4FDC}"
EndProject
Project("{FAE04EC0-301F-11D3-BF4B-00C04F79EFBC}") = "FP.Patterns.Prototype.Exercice5", "..\FP.Patterns.Prototype.Exercice5\FP.Patterns.Prototype.Exercice5.csproj", "{B6249BE8-1E86-4FAC-8ED2-C382B003ABAF}"
EndProject
Global
	GlobalSection(SolutionConfigurationPlatforms) = preSolution
		Debug|Any CPU = Debug|Any CPU
		Release|Any CPU = Release|Any CPU
	EndGlobalSection
	GlobalSection(ProjectConfigurationPlatforms) = postSolution
		{43BF5D7E-595F-48B9-B4F4-3C401C77E0FC}.Debug|Any CPU.ActiveCfg = Debug|Any CPU
		{43BF5D7E-595F-48B9-B4F4-3C401C77E0FC}.Debug|Any CPU.Build.0 = Debug|Any CPU
		{43BF5D7E-595F-48B9-B4F4-3C401C77E0FC}.Release|Any CPU.ActiveCfg = Release|Any CPU
		{43BF5D7E-595F-48B9-B4F4-3C401C77E0FC}.Release|Any CPU.Build.0 = Release|Any CPU
		{0406B28F-F4B3-40AF-812F-C0C5F891E8A2}.Debug|Any CPU.ActiveCfg = Debug|Any CPU
		{0406B28F-F4B3-40AF-812F-C0C5F891E8A2}.Debug|Any CPU.Build.0 = Debug|Any CPU
		{0406B28F-F4B3-40AF-812F-C0C5F891E8A2}.Release|Any CPU.ActiveCfg = Release|Any CPU
		{0406B28F-F4B3-40AF-812F-C0C5F891E8A2}.Release|Any CPU.Build.0 = Release|Any CPU
		{25F32F51-5D1C-4CCD-9BFB-907FF2DF0ABB}.Debug|Any CPU.ActiveCfg = Debug|Any CPU
		{25F32F51-5D1C-4CCD-9BFB-907FF2DF0ABB}.Debug|Any CPU.Build.0 = Debug|Any CPU
		{25F32F51-5D1C-4CCD-9BFB-907FF2DF0ABB}.Release|Any CPU.ActiveCfg = Release|Any CPU
		{25F32F51-5D1C-4CCD-9BFB-907FF2DF0ABB}.Release|Any CPU.Build.0 = Release|Any CPU
		{7E7E9C24-C2E4-4ACA-871D-BDC82DC480F8}.Debug|Any CPU.ActiveCfg = Debug|Any CPU
		{7E7E9C24-C2E4-4ACA-871D-BDC82DC480F8}.Debug|Any CPU.Build.0 = Debug|Any CPU
		{7E7E9C24-C2E4-4ACA-871D-BDC82DC480F8}.Release|Any CPU.ActiveCfg = Release|Any CPU
		{7E7E9C24-C2E4-4ACA-871D-BDC82DC480F8}.Release|Any CPU.Build.0 = Release|Any CPU
		{906E3982-2385-4ABD-8AD1-1CC1778B4FDC}.Debug|Any CPU.ActiveCfg = Debug|Any CPU
		{906E3982-2385-4ABD-8AD1-1CC1778B4FDC}.Debug|Any CPU.Build.0 = Debug|Any CPU
		{906E3982-2385-4ABD-8AD1-1CC1778B4FDC}.Release|Any CPU.ActiveCfg = Release|Any CPU
		{906E3982-2385-4ABD-8AD1-1CC1778B4FDC}.Release|Any CPU.Build.0 = Release|Any CPU
		{B6249BE8-1E86-4FAC-8ED2-C382B003ABAF}.Debug|Any CPU.ActiveCfg = Debug|Any CPU
		{B6249BE8-1E86-4FAC-8ED2-C382B003ABAF}.Debug|Any CPU.Build.0 = Debug|Any CPU
		{B6249BE8-1E86-4FAC-8ED2-C382B003ABAF}.Release|Any CPU.ActiveCfg = Release|Any CPU
		{B6249BE8-1E86-4FAC-8ED2-C382B003ABAF}.Release|Any CPU.Build.0 = Release|Any CPU
	EndGlobalSection
	GlobalSection(SolutionProperties) = preSolution
		HideSolutionNode = FALSE
	EndGlobalSection
	GlobalSection(ExtensibilityGlobals) = postSolution
		SolutionGuid = {7730C3B7-C750-4D58-B34E-E9A3417988A9}
	EndGlobalSection
EndGlobal
